
Microsoft Visual Studio Solution File, Format Version 12.00
# Visual Studio Version 16
VisualStudioVersion = 16.0.30204.135
MinimumVisualStudioVersion = 10.0.40219.1
Project("{9A19103F-16F7-4668-BE54-9A1E7A4F7556}") = "Portfolio", "Portfolio.csproj", "{45F77B17-7031-4C86-A55D-D8A05276BE99}"
EndProject
Global
	GlobalSection(SolutionConfigurationPlatforms) = preSolution
		Debug|Any CPU = Debug|Any CPU
		Release|Any CPU = Release|Any CPU
	EndGlobalSection
	GlobalSection(ProjectConfigurationPlatforms) = postSolution
		{45F77B17-7031-4C86-A55D-D8A05276BE99}.Debug|Any CPU.ActiveCfg = Debug|Any CPU
		{45F77B17-7031-4C86-A55D-D8A05276BE99}.Debug|Any CPU.Build.0 = Debug|Any CPU
		{45F77B17-7031-4C86-A55D-D8A05276BE99}.Release|Any CPU.ActiveCfg = Release|Any CPU
		{45F77B17-7031-4C86-A55D-D8A05276BE99}.Release|Any CPU.Build.0 = Release|Any CPU
	EndGlobalSection
	GlobalSection(SolutionProperties) = preSolution
		HideSolutionNode = FALSE
	EndGlobalSection
	GlobalSection(ExtensibilityGlobals) = postSolution
		SolutionGuid = {5BA509FF-60C5-4939-96DC-403CC4C06444}
	EndGlobalSection
EndGlobal
